
Microsoft Visual Studio Solution File, Format Version 12.00
# Visual Studio 2013
VisualStudioVersion = 12.0.21005.1
MinimumVisualStudioVersion = 10.0.40219.1
Project("{FAE04EC0-301F-11D3-BF4B-00C04F79EFBC}") = "Bykhovtsev.FunWithQueries", "Bykhovtsev.FunWithQueries\Bykhovtsev.FunWithQueries.csproj", "{BD1F4D56-26A6-4A38-896F-507312258547}"
EndProject
Project("{FAE04EC0-301F-11D3-BF4B-00C04F79EFBC}") = "LogicQueryParser", "LogicQueryParser\LogicQueryParser.csproj", "{2E3BD4F0-C50A-4FB0-9683-7CE74709C061}"
EndProject
Global
	GlobalSection(SolutionConfigurationPlatforms) = preSolution
		Debug|Any CPU = Debug|Any CPU
		Release|Any CPU = Release|Any CPU
	EndGlobalSection
	GlobalSection(ProjectConfigurationPlatforms) = postSolution
		{BD1F4D56-26A6-4A38-896F-507312258547}.Debug|Any CPU.ActiveCfg = Debug|Any CPU
		{BD1F4D56-26A6-4A38-896F-507312258547}.Debug|Any CPU.Build.0 = Debug|Any CPU
		{BD1F4D56-26A6-4A38-896F-507312258547}.Release|Any CPU.ActiveCfg = Release|Any CPU
		{BD1F4D56-26A6-4A38-896F-507312258547}.Release|Any CPU.Build.0 = Release|Any CPU
		{2E3BD4F0-C50A-4FB0-9683-7CE74709C061}.Debug|Any CPU.ActiveCfg = Debug|Any CPU
		{2E3BD4F0-C50A-4FB0-9683-7CE74709C061}.Debug|Any CPU.Build.0 = Debug|Any CPU
		{2E3BD4F0-C50A-4FB0-9683-7CE74709C061}.Release|Any CPU.ActiveCfg = Release|Any CPU
		{2E3BD4F0-C50A-4FB0-9683-7CE74709C061}.Release|Any CPU.Build.0 = Release|Any CPU
	EndGlobalSection
	GlobalSection(SolutionProperties) = preSolution
		HideSolutionNode = FALSE
	EndGlobalSection
EndGlobal
